// !$*UTF8*$!
{
	archiveVersion = 1;
	classes = {
	};
	objectVersion = 46;
	objects = {

/* Begin PBXBuildFile section */
		84019C241F8F422E00DEB9B0 /* AppDelegate.swift in Sources */ = {isa = PBXBuildFile; fileRef = 84019C231F8F422E00DEB9B0 /* AppDelegate.swift */; };
		84019C261F8F422E00DEB9B0 /* ViewController.swift in Sources */ = {isa = PBXBuildFile; fileRef = 84019C251F8F422E00DEB9B0 /* ViewController.swift */; };
		84019C291F8F422E00DEB9B0 /* Main.storyboard in Resources */ = {isa = PBXBuildFile; fileRef = 84019C271F8F422E00DEB9B0 /* Main.storyboard */; };
		84019C2B1F8F422E00DEB9B0 /* Assets.xcassets in Resources */ = {isa = PBXBuildFile; fileRef = 84019C2A1F8F422E00DEB9B0 /* Assets.xcassets */; };
		84019C2E1F8F422E00DEB9B0 /* LaunchScreen.storyboard in Resources */ = {isa = PBXBuildFile; fileRef = 84019C2C1F8F422E00DEB9B0 /* LaunchScreen.storyboard */; };
		84019C391F8F422E00DEB9B0 /* AlmofirePodDemoTests.swift in Sources */ = {isa = PBXBuildFile; fileRef = 84019C381F8F422E00DEB9B0 /* AlmofirePodDemoTests.swift */; };
		84019C441F8F422E00DEB9B0 /* AlmofirePodDemoUITests.swift in Sources */ = {isa = PBXBuildFile; fileRef = 84019C431F8F422E00DEB9B0 /* AlmofirePodDemoUITests.swift */; };
		84019C521F8F47A700DEB9B0 /* AFWrapper.swift in Sources */ = {isa = PBXBuildFile; fileRef = 84019C511F8F47A700DEB9B0 /* AFWrapper.swift */; };
		84019C541F8F495B00DEB9B0 /* Helper.swift in Sources */ = {isa = PBXBuildFile; fileRef = 84019C531F8F495B00DEB9B0 /* Helper.swift */; };
		84019C561F8F4E9800DEB9B0 /* DBAlertController.swift in Sources */ = {isa = PBXBuildFile; fileRef = 84019C551F8F4E9800DEB9B0 /* DBAlertController.swift */; };
		DFBCA6F1CB6361D4646EF6F7 /* Pods_AlmofirePodDemo.framework in Frameworks */ = {isa = PBXBuildFile; fileRef = 752B5F22A66A9BF032EF0463 /* Pods_AlmofirePodDemo.framework */; };
/* End PBXBuildFile section */

/* Begin PBXContainerItemProxy section */
		84019C351F8F422E00DEB9B0 /* PBXContainerItemProxy */ = {
			isa = PBXContainerItemProxy;
			containerPortal = 84019C181F8F422E00DEB9B0 /* Project object */;
			proxyType = 1;
			remoteGlobalIDString = 84019C1F1F8F422E00DEB9B0;
			remoteInfo = AlmofirePodDemo;
		};
		84019C401F8F422E00DEB9B0 /* PBXContainerItemProxy */ = {
			isa = PBXContainerItemProxy;
			containerPortal = 84019C181F8F422E00DEB9B0 /* Project object */;
			proxyType = 1;
			remoteGlobalIDString = 84019C1F1F8F422E00DEB9B0;
			remoteInfo = AlmofirePodDemo;
		};
/* End PBXContainerItemProxy section */

/* Begin PBXFileReference section */
		665DD619C860100A8311CBB2 /* Pods-AlmofirePodDemo.debug.xcconfig */ = {isa = PBXFileReference; includeInIndex = 1; lastKnownFileType = text.xcconfig; name = "Pods-AlmofirePodDemo.debug.xcconfig"; path = "Pods/Target Support Files/Pods-AlmofirePodDemo/Pods-AlmofirePodDemo.debug.xcconfig"; sourceTree = "<group>"; };
		752B5F22A66A9BF032EF0463 /* Pods_AlmofirePodDemo.framework */ = {isa = PBXFileReference; explicitFileType = wrapper.framework; includeInIndex = 0; path = Pods_AlmofirePodDemo.framework; sourceTree = BUILT_PRODUCTS_DIR; };
		84019C201F8F422E00DEB9B0 /* AlmofirePodDemo.app */ = {isa = PBXFileReference; explicitFileType = wrapper.application; includeInIndex = 0; path = AlmofirePodDemo.app; sourceTree = BUILT_PRODUCTS_DIR; };
		84019C231F8F422E00DEB9B0 /* AppDelegate.swift */ = {isa = PBXFileReference; lastKnownFileType = sourcecode.swift; path = AppDelegate.swift; sourceTree = "<group>"; };
		84019C251F8F422E00DEB9B0 /* ViewController.swift */ = {isa = PBXFileReference; lastKnownFileType = sourcecode.swift; path = ViewController.swift; sourceTree = "<group>"; };
		84019C281F8F422E00DEB9B0 /* Base */ = {isa = PBXFileReference; lastKnownFileType = file.storyboard; name = Base; path = Base.lproj/Main.storyboard; sourceTree = "<group>"; };
		84019C2A1F8F422E00DEB9B0 /* Assets.xcassets */ = {isa = PBXFileReference; lastKnownFileType = folder.assetcatalog; path = Assets.xcassets; sourceTree = "<group>"; };
		84019C2D1F8F422E00DEB9B0 /* Base */ = {isa = PBXFileReference; lastKnownFileType = file.storyboard; name = Base; path = Base.lproj/LaunchScreen.storyboard; sourceTree = "<group>"; };
		84019C2F1F8F422E00DEB9B0 /* Info.plist */ = {isa = PBXFileReference; lastKnownFileType = text.plist.xml; path = Info.plist; sourceTree = "<group>"; };
		84019C341F8F422E00DEB9B0 /* AlmofirePodDemoTests.xctest */ = {isa = PBXFileReference; explicitFileType = wrapper.cfbundle; includeInIndex = 0; path = AlmofirePodDemoTests.xctest; sourceTree = BUILT_PRODUCTS_DIR; };
		84019C381F8F422E00DEB9B0 /* AlmofirePodDemoTests.swift */ = {isa = PBXFileReference; lastKnownFileType = sourcecode.swift; path = AlmofirePodDemoTests.swift; sourceTree = "<group>"; };
		84019C3A1F8F422E00DEB9B0 /* Info.plist */ = {isa = PBXFileReference; lastKnownFileType = text.plist.xml; path = Info.plist; sourceTree = "<group>"; };
		84019C3F1F8F422E00DEB9B0 /* AlmofirePodDemoUITests.xctest */ = {isa = PBXFileReference; explicitFileType = wrapper.cfbundle; includeInIndex = 0; path = AlmofirePodDemoUITests.xctest; sourceTree = BUILT_PRODUCTS_DIR; };
		84019C431F8F422E00DEB9B0 /* AlmofirePodDemoUITests.swift */ = {isa = PBXFileReference; lastKnownFileType = sourcecode.swift; path = AlmofirePodDemoUITests.swift; sourceTree = "<group>"; };
		84019C451F8F422E00DEB9B0 /* Info.plist */ = {isa = PBXFileReference; lastKnownFileType = text.plist.xml; path = Info.plist; sourceTree = "<group>"; };
		84019C511F8F47A700DEB9B0 /* AFWrapper.swift */ = {isa = PBXFileReference; fileEncoding = 4; lastKnownFileType = sourcecode.swift; path = AFWrapper.swift; sourceTree = "<group>"; };
		84019C531F8F495B00DEB9B0 /* Helper.swift */ = {isa = PBXFileReference; fileEncoding = 4; lastKnownFileType = sourcecode.swift; path = Helper.swift; sourceTree = "<group>"; };
		84019C551F8F4E9800DEB9B0 /* DBAlertController.swift */ = {isa = PBXFileReference; fileEncoding = 4; lastKnownFileType = sourcecode.swift; path = DBAlertController.swift; sourceTree = "<group>"; };
		CD3C5E22017A9A6CCC18433C /* Pods-AlmofirePodDemo.release.xcconfig */ = {isa = PBXFileReference; includeInIndex = 1; lastKnownFileType = text.xcconfig; name = "Pods-AlmofirePodDemo.release.xcconfig"; path = "Pods/Target Support Files/Pods-AlmofirePodDemo/Pods-AlmofirePodDemo.release.xcconfig"; sourceTree = "<group>"; };
/* End PBXFileReference section */

/* Begin PBXFrameworksBuildPhase section */
		84019C1D1F8F422E00DEB9B0 /* Frameworks */ = {
			isa = PBXFrameworksBuildPhase;
			buildActionMask = 2147483647;
			files = (
				DFBCA6F1CB6361D4646EF6F7 /* Pods_AlmofirePodDemo.framework in Frameworks */,
			);
			runOnlyForDeploymentPostprocessing = 0;
		};
		84019C311F8F422E00DEB9B0 /* Frameworks */ = {
			isa = PBXFrameworksBuildPhase;
			buildActionMask = 2147483647;
			files = (
			);
			runOnlyForDeploymentPostprocessing = 0;
		};
		84019C3C1F8F422E00DEB9B0 /* Frameworks */ = {
			isa = PBXFrameworksBuildPhase;
			buildActionMask = 2147483647;
			files = (
			);
			runOnlyForDeploymentPostprocessing = 0;
		};
/* End PBXFrameworksBuildPhase section */

/* Begin PBXGroup section */
		84019C171F8F422E00DEB9B0 = {
			isa = PBXGroup;
			children = (
				84019C221F8F422E00DEB9B0 /* AlmofirePodDemo */,
				84019C371F8F422E00DEB9B0 /* AlmofirePodDemoTests */,
				84019C421F8F422E00DEB9B0 /* AlmofirePodDemoUITests */,
				84019C211F8F422E00DEB9B0 /* Products */,
				8C3657CA29C596534A55A06C /* Pods */,
				CE4D3C83A0919C9D3F86F560 /* Frameworks */,
			);
			sourceTree = "<group>";
		};
		84019C211F8F422E00DEB9B0 /* Products */ = {
			isa = PBXGroup;
			children = (
				84019C201F8F422E00DEB9B0 /* AlmofirePodDemo.app */,
				84019C341F8F422E00DEB9B0 /* AlmofirePodDemoTests.xctest */,
				84019C3F1F8F422E00DEB9B0 /* AlmofirePodDemoUITests.xctest */,
			);
			name = Products;
			sourceTree = "<group>";
		};
		84019C221F8F422E00DEB9B0 /* AlmofirePodDemo */ = {
			isa = PBXGroup;
			children = (
				84019C551F8F4E9800DEB9B0 /* DBAlertController.swift */,
				84019C531F8F495B00DEB9B0 /* Helper.swift */,
				84019C511F8F47A700DEB9B0 /* AFWrapper.swift */,
				84019C231F8F422E00DEB9B0 /* AppDelegate.swift */,
				84019C251F8F422E00DEB9B0 /* ViewController.swift */,
				84019C271F8F422E00DEB9B0 /* Main.storyboard */,
				84019C2A1F8F422E00DEB9B0 /* Assets.xcassets */,
				84019C2C1F8F422E00DEB9B0 /* LaunchScreen.storyboard */,
				84019C2F1F8F422E00DEB9B0 /* Info.plist */,
			);
			path = AlmofirePodDemo;
			sourceTree = "<group>";
		};
		84019C371F8F422E00DEB9B0 /* AlmofirePodDemoTests */ = {
			isa = PBXGroup;
			children = (
				84019C381F8F422E00DEB9B0 /* AlmofirePodDemoTests.swift */,
				84019C3A1F8F422E00DEB9B0 /* Info.plist */,
			);
			path = AlmofirePodDemoTests;
			sourceTree = "<group>";
		};
		84019C421F8F422E00DEB9B0 /* AlmofirePodDemoUITests */ = {
			isa = PBXGroup;
			children = (
				84019C431F8F422E00DEB9B0 /* AlmofirePodDemoUITests.swift */,
				84019C451F8F422E00DEB9B0 /* Info.plist */,
			);
			path = AlmofirePodDemoUITests;
			sourceTree = "<group>";
		};
		8C3657CA29C596534A55A06C /* Pods */ = {
			isa = PBXGroup;
			children = (
				665DD619C860100A8311CBB2 /* Pods-AlmofirePodDemo.debug.xcconfig */,
				CD3C5E22017A9A6CCC18433C /* Pods-AlmofirePodDemo.release.xcconfig */,
			);
			name = Pods;
			sourceTree = "<group>";
		};
		CE4D3C83A0919C9D3F86F560 /* Frameworks */ = {
			isa = PBXGroup;
			children = (
				752B5F22A66A9BF032EF0463 /* Pods_AlmofirePodDemo.framework */,
			);
			name = Frameworks;
			sourceTree = "<group>";
		};
/* End PBXGroup section */

/* Begin PBXNativeTarget section */
		84019C1F1F8F422E00DEB9B0 /* AlmofirePodDemo */ = {
			isa = PBXNativeTarget;
			buildConfigurationList = 84019C481F8F422E00DEB9B0 /* Build configuration list for PBXNativeTarget "AlmofirePodDemo" */;
			buildPhases = (
				D759C9A1C273C82119A6001E /* [CP] Check Pods Manifest.lock */,
				84019C1C1F8F422E00DEB9B0 /* Sources */,
				84019C1D1F8F422E00DEB9B0 /* Frameworks */,
				84019C1E1F8F422E00DEB9B0 /* Resources */,
				EB7CAED216D5A567CABFF264 /* [CP] Embed Pods Frameworks */,
				C3C47970F57CC84053292444 /* [CP] Copy Pods Resources */,
			);
			buildRules = (
			);
			dependencies = (
			);
			name = AlmofirePodDemo;
			productName = AlmofirePodDemo;
			productReference = 84019C201F8F422E00DEB9B0 /* AlmofirePodDemo.app */;
			productType = "com.apple.product-type.application";
		};
		84019C331F8F422E00DEB9B0 /* AlmofirePodDemoTests */ = {
			isa = PBXNativeTarget;
			buildConfigurationList = 84019C4B1F8F422E00DEB9B0 /* Build configuration list for PBXNativeTarget "AlmofirePodDemoTests" */;
			buildPhases = (
				84019C301F8F422E00DEB9B0 /* Sources */,
				84019C311F8F422E00DEB9B0 /* Frameworks */,
				84019C321F8F422E00DEB9B0 /* Resources */,
			);
			buildRules = (
			);
			dependencies = (
				84019C361F8F422E00DEB9B0 /* PBXTargetDependency */,
			);
			name = AlmofirePodDemoTests;
			productName = AlmofirePodDemoTests;
			productReference = 84019C341F8F422E00DEB9B0 /* AlmofirePodDemoTests.xctest */;
			productType = "com.apple.product-type.bundle.unit-test";
		};
		84019C3E1F8F422E00DEB9B0 /* AlmofirePodDemoUITests */ = {
			isa = PBXNativeTarget;
			buildConfigurationList = 84019C4E1F8F422E00DEB9B0 /* Build configuration list for PBXNativeTarget "AlmofirePodDemoUITests" */;
			buildPhases = (
				84019C3B1F8F422E00DEB9B0 /* Sources */,
				84019C3C1F8F422E00DEB9B0 /* Frameworks */,
				84019C3D1F8F422E00DEB9B0 /* Resources */,
			);
			buildRules = (
			);
			dependencies = (
				84019C411F8F422E00DEB9B0 /* PBXTargetDependency */,
			);
			name = AlmofirePodDemoUITests;
			productName = AlmofirePodDemoUITests;
			productReference = 84019C3F1F8F422E00DEB9B0 /* AlmofirePodDemoUITests.xctest */;
			productType = "com.apple.product-type.bundle.ui-testing";
		};
/* End PBXNativeTarget section */

/* Begin PBXProject section */
		84019C181F8F422E00DEB9B0 /* Project object */ = {
			isa = PBXProject;
			attributes = {
				LastSwiftUpdateCheck = 0830;
				LastUpgradeCheck = 0830;
				ORGANIZATIONNAME = Admin;
				TargetAttributes = {
					84019C1F1F8F422E00DEB9B0 = {
						CreatedOnToolsVersion = 8.3.3;
						DevelopmentTeam = B46T9TF9A4;
						ProvisioningStyle = Automatic;
					};
					84019C331F8F422E00DEB9B0 = {
						CreatedOnToolsVersion = 8.3.3;
						ProvisioningStyle = Automatic;
						TestTargetID = 84019C1F1F8F422E00DEB9B0;
					};
					84019C3E1F8F422E00DEB9B0 = {
						CreatedOnToolsVersion = 8.3.3;
						ProvisioningStyle = Automatic;
						TestTargetID = 84019C1F1F8F422E00DEB9B0;
					};
				};
			};
			buildConfigurationList = 84019C1B1F8F422E00DEB9B0 /* Build configuration list for PBXProject "AlmofirePodDemo" */;
			compatibilityVersion = "Xcode 3.2";
			developmentRegion = English;
			hasScannedForEncodings = 0;
			knownRegions = (
				en,
				Base,
			);
			mainGroup = 84019C171F8F422E00DEB9B0;
			productRefGroup = 84019C211F8F422E00DEB9B0 /* Products */;
			projectDirPath = "";
			projectRoot = "";
			targets = (
				84019C1F1F8F422E00DEB9B0 /* AlmofirePodDemo */,
				84019C331F8F422E00DEB9B0 /* AlmofirePodDemoTests */,
				84019C3E1F8F422E00DEB9B0 /* AlmofirePodDemoUITests */,
			);
		};
/* End PBXProject section */

/* Begin PBXResourcesBuildPhase section */
		84019C1E1F8F422E00DEB9B0 /* Resources */ = {
			isa = PBXResourcesBuildPhase;
			buildActionMask = 2147483647;
			files = (
				84019C2E1F8F422E00DEB9B0 /* LaunchScreen.storyboard in Resources */,
				84019C2B1F8F422E00DEB9B0 /* Assets.xcassets in Resources */,
				84019C291F8F422E00DEB9B0 /* Main.storyboard in Resources */,
			);
			runOnlyForDeploymentPostprocessing = 0;
		};
		84019C321F8F422E00DEB9B0 /* Resources */ = {
			isa = PBXResourcesBuildPhase;
			buildActionMask = 2147483647;
			files = (
			);
			runOnlyForDeploymentPostprocessing = 0;
		};
		84019C3D1F8F422E00DEB9B0 /* Resources */ = {
			isa = PBXResourcesBuildPhase;
			buildActionMask = 2147483647;
			files = (
			);
			runOnlyForDeploymentPostprocessing = 0;
		};
/* End PBXResourcesBuildPhase section */

/* Begin PBXShellScriptBuildPhase section */
		C3C47970F57CC84053292444 /* [CP] Copy Pods Resources */ = {
			isa = PBXShellScriptBuildPhase;
			buildActionMask = 2147483647;
			files = (
			);
			inputPaths = (
			);
			name = "[CP] Copy Pods Resources";
			outputPaths = (
			);
			runOnlyForDeploymentPostprocessing = 0;
			shellPath = /bin/sh;
			shellScript = "\"${SRCROOT}/Pods/Target Support Files/Pods-AlmofirePodDemo/Pods-AlmofirePodDemo-resources.sh\"\n";
			showEnvVarsInLog = 0;
		};
		D759C9A1C273C82119A6001E /* [CP] Check Pods Manifest.lock */ = {
			isa = PBXShellScriptBuildPhase;
			buildActionMask = 2147483647;
			files = (
			);
			inputPaths = (
			);
			name = "[CP] Check Pods Manifest.lock";
			outputPaths = (
			);
			runOnlyForDeploymentPostprocessing = 0;
			shellPath = /bin/sh;
			shellScript = "diff \"${PODS_PODFILE_DIR_PATH}/Podfile.lock\" \"${PODS_ROOT}/Manifest.lock\" > /dev/null\nif [ $? != 0 ] ; then\n    # print error to STDERR\n    echo \"error: The sandbox is not in sync with the Podfile.lock. Run 'pod install' or update your CocoaPods installation.\" >&2\n    exit 1\nfi\n";
			showEnvVarsInLog = 0;
		};
		EB7CAED216D5A567CABFF264 /* [CP] Embed Pods Frameworks */ = {
			isa = PBXShellScriptBuildPhase;
			buildActionMask = 2147483647;
			files = (
			);
			inputPaths = (
			);
			name = "[CP] Embed Pods Frameworks";
			outputPaths = (
			);
			runOnlyForDeploymentPostprocessing = 0;
			shellPath = /bin/sh;
			shellScript = "\"${SRCROOT}/Pods/Target Support Files/Pods-AlmofirePodDemo/Pods-AlmofirePodDemo-frameworks.sh\"\n";
			showEnvVarsInLog = 0;
		};
/* End PBXShellScriptBuildPhase section */

/* Begin PBXSourcesBuildPhase section */
		84019C1C1F8F422E00DEB9B0 /* Sources */ = {
			isa = PBXSourcesBuildPhase;
			buildActionMask = 2147483647;
			files = (
				84019C261F8F422E00DEB9B0 /* ViewController.swift in Sources */,
				84019C521F8F47A700DEB9B0 /* AFWrapper.swift in Sources */,
				84019C241F8F422E00DEB9B0 /* AppDelegate.swift in Sources */,
				84019C561F8F4E9800DEB9B0 /* DBAlertController.swift in Sources */,
				84019C541F8F495B00DEB9B0 /* Helper.swift in Sources */,
			);
			runOnlyForDeploymentPostprocessing = 0;
		};
		84019C301F8F422E00DEB9B0 /* Sources */ = {
			isa = PBXSourcesBuildPhase;
			buildActionMask = 2147483647;
			files = (
				84019C391F8F422E00DEB9B0 /* AlmofirePodDemoTests.swift in Sources */,
			);
			runOnlyForDeploymentPostprocessing = 0;
		};
		84019C3B1F8F422E00DEB9B0 /* Sources */ = {
			isa = PBXSourcesBuildPhase;
			buildActionMask = 2147483647;
			files = (
				84019C441F8F422E00DEB9B0 /* AlmofirePodDemoUITests.swift in Sources */,
			);
			runOnlyForDeploymentPostprocessing = 0;
		};
/* End PBXSourcesBuildPhase section */

/* Begin PBXTargetDependency section */
		84019C361F8F422E00DEB9B0 /* PBXTargetDependency */ = {
			isa = PBXTargetDependency;
			target = 84019C1F1F8F422E00DEB9B0 /* AlmofirePodDemo */;
			targetProxy = 84019C351F8F422E00DEB9B0 /* PBXContainerItemProxy */;
		};
		84019C411F8F422E00DEB9B0 /* PBXTargetDependency */ = {
			isa = PBXTargetDependency;
			target = 84019C1F1F8F422E00DEB9B0 /* AlmofirePodDemo */;
			targetProxy = 84019C401F8F422E00DEB9B0 /* PBXContainerItemProxy */;
		};
/* End PBXTargetDependency section */

/* Begin PBXVariantGroup section */
		84019C271F8F422E00DEB9B0 /* Main.storyboard */ = {
			isa = PBXVariantGroup;
			children = (
				84019C281F8F422E00DEB9B0 /* Base */,
			);
			name = Main.storyboard;
			sourceTree = "<group>";
		};
		84019C2C1F8F422E00DEB9B0 /* LaunchScreen.storyboard */ = {
			isa = PBXVariantGroup;
			children = (
				84019C2D1F8F422E00DEB9B0 /* Base */,
			);
			name = LaunchScreen.storyboard;
			sourceTree = "<group>";
		};
/* End PBXVariantGroup section */

/* Begin XCBuildConfiguration section */
		84019C461F8F422E00DEB9B0 /* Debug */ = {
			isa = XCBuildConfiguration;
			buildSettings = {
				ALWAYS_SEARCH_USER_PATHS = NO;
				CLANG_ANALYZER_NONNULL = YES;
				CLANG_ANALYZER_NUMBER_OBJECT_CONVERSION = YES_AGGRESSIVE;
				CLANG_CXX_LANGUAGE_STANDARD = "gnu++0x";
				CLANG_CXX_LIBRARY = "libc++";
				CLANG_ENABLE_MODULES = YES;
				CLANG_ENABLE_OBJC_ARC = YES;
				CLANG_WARN_BOOL_CONVERSION = YES;
				CLANG_WARN_CONSTANT_CONVERSION = YES;
				CLANG_WARN_DIRECT_OBJC_ISA_USAGE = YES_ERROR;
				CLANG_WARN_DOCUMENTATION_COMMENTS = YES;
				CLANG_WARN_EMPTY_BODY = YES;
				CLANG_WARN_ENUM_CONVERSION = YES;
				CLANG_WARN_INFINITE_RECURSION = YES;
				CLANG_WARN_INT_CONVERSION = YES;
				CLANG_WARN_OBJC_ROOT_CLASS = YES_ERROR;
				CLANG_WARN_SUSPICIOUS_MOVE = YES;
				CLANG_WARN_UNREACHABLE_CODE = YES;
				CLANG_WARN__DUPLICATE_METHOD_MATCH = YES;
				"CODE_SIGN_IDENTITY[sdk=iphoneos*]" = "iPhone Developer";
				COPY_PHASE_STRIP = NO;
				DEBUG_INFORMATION_FORMAT = dwarf;
				ENABLE_STRICT_OBJC_MSGSEND = YES;
				ENABLE_TESTABILITY = YES;
				GCC_C_LANGUAGE_STANDARD = gnu99;
				GCC_DYNAMIC_NO_PIC = NO;
				GCC_NO_COMMON_BLOCKS = YES;
				GCC_OPTIMIZATION_LEVEL = 0;
				GCC_PREPROCESSOR_DEFINITIONS = (
					"DEBUG=1",
					"$(inherited)",
				);
				GCC_WARN_64_TO_32_BIT_CONVERSION = YES;
				GCC_WARN_ABOUT_RETURN_TYPE = YES_ERROR;
				GCC_WARN_UNDECLARED_SELECTOR = YES;
				GCC_WARN_UNINITIALIZED_AUTOS = YES_AGGRESSIVE;
				GCC_WARN_UNUSED_FUNCTION = YES;
				GCC_WARN_UNUSED_VARIABLE = YES;
				IPHONEOS_DEPLOYMENT_TARGET = 10.3;
				MTL_ENABLE_DEBUG_INFO = YES;
				ONLY_ACTIVE_ARCH = YES;
				SDKROOT = iphoneos;
				SWIFT_ACTIVE_COMPILATION_CONDITIONS = DEBUG;
				SWIFT_OPTIMIZATION_LEVEL = "-Onone";
				TARGETED_DEVICE_FAMILY = "1,2";
			};
			name = Debug;
		};
		84019C471F8F422E00DEB9B0 /* Release */ = {
			isa = XCBuildConfiguration;
			buildSettings = {
				ALWAYS_SEARCH_USER_PATHS = NO;
				CLANG_ANALYZER_NONNULL = YES;
				CLANG_ANALYZER_NUMBER_OBJECT_CONVERSION = YES_AGGRESSIVE;
				CLANG_CXX_LANGUAGE_STANDARD = "gnu++0x";
				CLANG_CXX_LIBRARY = "libc++";
				CLANG_ENABLE_MODULES = YES;
				CLANG_ENABLE_OBJC_ARC = YES;
				CLANG_WARN_BOOL_CONVERSION = YES;
				CLANG_WARN_CONSTANT_CONVERSION = YES;
				CLANG_WARN_DIRECT_OBJC_ISA_USAGE = YES_ERROR;
				CLANG_WARN_DOCUMENTATION_COMMENTS = YES;
				CLANG_WARN_EMPTY_BODY = YES;
				CLANG_WARN_ENUM_CONVERSION = YES;
				CLANG_WARN_INFINITE_RECURSION = YES;
				CLANG_WARN_INT_CONVERSION = YES;
				CLANG_WARN_OBJC_ROOT_CLASS = YES_ERROR;
				CLANG_WARN_SUSPICIOUS_MOVE = YES;
				CLANG_WARN_UNREACHABLE_CODE = YES;
				CLANG_WARN__DUPLICATE_METHOD_MATCH = YES;
				"CODE_SIGN_IDENTITY[sdk=iphoneos*]" = "iPhone Developer";
				COPY_PHASE_STRIP = NO;
				DEBUG_INFORMATION_FORMAT = "dwarf-with-dsym";
				ENABLE_NS_ASSERTIONS = NO;
				ENABLE_STRICT_OBJC_MSGSEND = YES;
				GCC_C_LANGUAGE_STANDARD = gnu99;
				GCC_NO_COMMON_BLOCKS = YES;
				GCC_WARN_64_TO_32_BIT_CONVERSION = YES;
				GCC_WARN_ABOUT_RETURN_TYPE = YES_ERROR;
				GCC_WARN_UNDECLARED_SELECTOR = YES;
				GCC_WARN_UNINITIALIZED_AUTOS = YES_AGGRESSIVE;
				GCC_WARN_UNUSED_FUNCTION = YES;
				GCC_WARN_UNUSED_VARIABLE = YES;
				IPHONEOS_DEPLOYMENT_TARGET = 10.3;
				MTL_ENABLE_DEBUG_INFO = NO;
				SDKROOT = iphoneos;
				SWIFT_OPTIMIZATION_LEVEL = "-Owholemodule";
				TARGETED_DEVICE_FAMILY = "1,2";
				VALIDATE_PRODUCT = YES;
			};
			name = Release;
		};
		84019C491F8F422E00DEB9B0 /* Debug */ = {
			isa = XCBuildConfiguration;
			baseConfigurationReference = 665DD619C860100A8311CBB2 /* Pods-AlmofirePodDemo.debug.xcconfig */;
			buildSettings = {
				ASSETCATALOG_COMPILER_APPICON_NAME = AppIcon;
				DEVELOPMENT_TEAM = B46T9TF9A4;
				INFOPLIST_FILE = AlmofirePodDemo/Info.plist;
				LD_RUNPATH_SEARCH_PATHS = "$(inherited) @executable_path/Frameworks";
				PRODUCT_BUNDLE_IDENTIFIER = com.syneotek.AlmofirePodDemo;
				PRODUCT_NAME = "$(TARGET_NAME)";
				SWIFT_VERSION = 3.0;
			};
			name = Debug;
		};
		84019C4A1F8F422E00DEB9B0 /* Release */ = {
			isa = XCBuildConfiguration;
			baseConfigurationReference = CD3C5E22017A9A6CCC18433C /* Pods-AlmofirePodDemo.release.xcconfig */;
			buildSettings = {
				ASSETCATALOG_COMPILER_APPICON_NAME = AppIcon;
				DEVELOPMENT_TEAM = B46T9TF9A4;
				INFOPLIST_FILE = AlmofirePodDemo/Info.plist;
				LD_RUNPATH_SEARCH_PATHS = "$(inherited) @executable_path/Frameworks";
				PRODUCT_BUNDLE_IDENTIFIER = com.syneotek.AlmofirePodDemo;
				PRODUCT_NAME = "$(TARGET_NAME)";
				SWIFT_VERSION = 3.0;
			};
			name = Release;
		};
		84019C4C1F8F422E00DEB9B0 /* Debug */ = {
			isa = XCBuildConfiguration;
			buildSettings = {
				ALWAYS_EMBED_SWIFT_STANDARD_LIBRARIES = YES;
				BUNDLE_LOADER = "$(TEST_HOST)";
				INFOPLIST_FILE = AlmofirePodDemoTests/Info.plist;
				LD_RUNPATH_SEARCH_PATHS = "$(inherited) @executable_path/Frameworks @loader_path/Frameworks";
				PRODUCT_BUNDLE_IDENTIFIER = com.syneotek.AlmofirePodDemoTests;
				PRODUCT_NAME = "$(TARGET_NAME)";
				SWIFT_VERSION = 3.0;
				TEST_HOST = "$(BUILT_PRODUCTS_DIR)/AlmofirePodDemo.app/AlmofirePodDemo";
			};
			name = Debug;
		};
		84019C4D1F8F422E00DEB9B0 /* Release */ = {
			isa = XCBuildConfiguration;
			buildSettings = {
				ALWAYS_EMBED_SWIFT_STANDARD_LIBRARIES = YES;
				BUNDLE_LOADER = "$(TEST_HOST)";
				INFOPLIST_FILE = AlmofirePodDemoTests/Info.plist;
				LD_RUNPATH_SEARCH_PATHS = "$(inherited) @executable_path/Frameworks @loader_path/Frameworks";
				PRODUCT_BUNDLE_IDENTIFIER = com.syneotek.AlmofirePodDemoTests;
				PRODUCT_NAME = "$(TARGET_NAME)";
				SWIFT_VERSION = 3.0;
				TEST_HOST = "$(BUILT_PRODUCTS_DIR)/AlmofirePodDemo.app/AlmofirePodDemo";
			};
			name = Release;
		};
		84019C4F1F8F422E00DEB9B0 /* Debug */ = {
			isa = XCBuildConfiguration;
			buildSettings = {
				ALWAYS_EMBED_SWIFT_STANDARD_LIBRARIES = YES;
				INFOPLIST_FILE = AlmofirePodDemoUITests/Info.plist;
				LD_RUNPATH_SEARCH_PATHS = "$(inherited) @executable_path/Frameworks @loader_path/Frameworks";
				PRODUCT_BUNDLE_IDENTIFIER = com.syneotek.AlmofirePodDemoUITests;
				PRODUCT_NAME = "$(TARGET_NAME)";
				SWIFT_VERSION = 3.0;
				TEST_TARGET_NAME = AlmofirePodDemo;
			};
			name = Debug;
		};
		84019C501F8F422E00DEB9B0 /* Release */ = {
			isa = XCBuildConfiguration;
			buildSettings = {
				ALWAYS_EMBED_SWIFT_STANDARD_LIBRARIES = YES;
				INFOPLIST_FILE = AlmofirePodDemoUITests/Info.plist;
				LD_RUNPATH_SEARCH_PATHS = "$(inherited) @executable_path/Frameworks @loader_path/Frameworks";
				PRODUCT_BUNDLE_IDENTIFIER = com.syneotek.AlmofirePodDemoUITests;
				PRODUCT_NAME = "$(TARGET_NAME)";
				SWIFT_VERSION = 3.0;
				TEST_TARGET_NAME = AlmofirePodDemo;
			};
			name = Release;
		};
/* End XCBuildConfiguration section */

/* Begin XCConfigurationList section */
		84019C1B1F8F422E00DEB9B0 /* Build configuration list for PBXProject "AlmofirePodDemo" */ = {
			isa = XCConfigurationList;
			buildConfigurations = (
				84019C461F8F422E00DEB9B0 /* Debug */,
				84019C471F8F422E00DEB9B0 /* Release */,
			);
			defaultConfigurationIsVisible = 0;
			defaultConfigurationName = Release;
		};
		84019C481F8F422E00DEB9B0 /* Build configuration list for PBXNativeTarget "AlmofirePodDemo" */ = {
			isa = XCConfigurationList;
			buildConfigurations = (
				84019C491F8F422E00DEB9B0 /* Debug */,
				84019C4A1F8F422E00DEB9B0 /* Release */,
			);
			defaultConfigurationIsVisible = 0;
			defaultConfigurationName = Release;
		};
		84019C4B1F8F422E00DEB9B0 /* Build configuration list for PBXNativeTarget "AlmofirePodDemoTests" */ = {
			isa = XCConfigurationList;
			buildConfigurations = (
				84019C4C1F8F422E00DEB9B0 /* Debug */,
				84019C4D1F8F422E00DEB9B0 /* Release */,
			);
			defaultConfigurationIsVisible = 0;
			defaultConfigurationName = Release;
		};
		84019C4E1F8F422E00DEB9B0 /* Build configuration list for PBXNativeTarget "AlmofirePodDemoUITests" */ = {
			isa = XCConfigurationList;
			buildConfigurations = (
				84019C4F1F8F422E00DEB9B0 /* Debug */,
				84019C501F8F422E00DEB9B0 /* Release */,
			);
			defaultConfigurationIsVisible = 0;
			defaultConfigurationName = Release;
		};
/* End XCConfigurationList section */
	};
	rootObject = 84019C181F8F422E00DEB9B0 /* Project object */;
}
